// !$*UTF8*$!
{
	archiveVersion = 1;
	classes = {
	};
	objectVersion = 50;
	objects = {

/* Begin PBXBuildFile section */
		992501342715237A00F1B6ED /* README.md in Resources */ = {isa = PBXBuildFile; fileRef = 992501332715237A00F1B6ED /* README.md */; };
		994D2F01270376AA00F7AF0D /* countdownApp.swift in Sources */ = {isa = PBXBuildFile; fileRef = 994D2F00270376AA00F7AF0D /* countdownApp.swift */; };
		994D2F05270376AE00F7AF0D /* Assets.xcassets in Resources */ = {isa = PBXBuildFile; fileRef = 994D2F04270376AE00F7AF0D /* Assets.xcassets */; };
		994D2F08270376AE00F7AF0D /* Preview Assets.xcassets in Resources */ = {isa = PBXBuildFile; fileRef = 994D2F07270376AE00F7AF0D /* Preview Assets.xcassets */; };
		994D2F102703776000F7AF0D /* Countdown.swift in Sources */ = {isa = PBXBuildFile; fileRef = 994D2F0F2703776000F7AF0D /* Countdown.swift */; };
		994D2F122703777600F7AF0D /* CountdownView.swift in Sources */ = {isa = PBXBuildFile; fileRef = 994D2F112703777600F7AF0D /* CountdownView.swift */; };
		994D2F142703778600F7AF0D /* CountdownViewModel.swift in Sources */ = {isa = PBXBuildFile; fileRef = 994D2F132703778600F7AF0D /* CountdownViewModel.swift */; };
		997D743C27094C4C0062EC69 /* CountdownCollectionView.swift in Sources */ = {isa = PBXBuildFile; fileRef = 997D743B27094C4C0062EC69 /* CountdownCollectionView.swift */; };
		997D743E27094DEA0062EC69 /* CountdownCollection.swift in Sources */ = {isa = PBXBuildFile; fileRef = 997D743D27094DEA0062EC69 /* CountdownCollection.swift */; };
		99874C7F270DF51300ECA88E /* ProgressBarModifier.swift in Sources */ = {isa = PBXBuildFile; fileRef = 99874C7E270DF51300ECA88E /* ProgressBarModifier.swift */; };
		99F8ED5C270D23BD00EEB8B8 /* UIColor+RGBA.swift in Sources */ = {isa = PBXBuildFile; fileRef = 99F8ED5B270D23BD00EEB8B8 /* UIColor+RGBA.swift */; };
/* End PBXBuildFile section */

/* Begin PBXFileReference section */
		992501332715237A00F1B6ED /* README.md */ = {isa = PBXFileReference; lastKnownFileType = net.daringfireball.markdown; path = README.md; sourceTree = "<group>"; };
		994D2EFD270376AA00F7AF0D /* countdown.app */ = {isa = PBXFileReference; explicitFileType = wrapper.application; includeInIndex = 0; path = countdown.app; sourceTree = BUILT_PRODUCTS_DIR; };
		994D2F00270376AA00F7AF0D /* countdownApp.swift */ = {isa = PBXFileReference; lastKnownFileType = sourcecode.swift; path = countdownApp.swift; sourceTree = "<group>"; };
		994D2F04270376AE00F7AF0D /* Assets.xcassets */ = {isa = PBXFileReference; lastKnownFileType = folder.assetcatalog; path = Assets.xcassets; sourceTree = "<group>"; };
		994D2F07270376AE00F7AF0D /* Preview Assets.xcassets */ = {isa = PBXFileReference; lastKnownFileType = folder.assetcatalog; path = "Preview Assets.xcassets"; sourceTree = "<group>"; };
		994D2F09270376AE00F7AF0D /* Info.plist */ = {isa = PBXFileReference; lastKnownFileType = text.plist.xml; path = Info.plist; sourceTree = "<group>"; };
		994D2F0F2703776000F7AF0D /* Countdown.swift */ = {isa = PBXFileReference; lastKnownFileType = sourcecode.swift; path = Countdown.swift; sourceTree = "<group>"; };
		994D2F112703777600F7AF0D /* CountdownView.swift */ = {isa = PBXFileReference; lastKnownFileType = sourcecode.swift; path = CountdownView.swift; sourceTree = "<group>"; };
		994D2F132703778600F7AF0D /* CountdownViewModel.swift */ = {isa = PBXFileReference; lastKnownFileType = sourcecode.swift; path = CountdownViewModel.swift; sourceTree = "<group>"; };
		997D743B27094C4C0062EC69 /* CountdownCollectionView.swift */ = {isa = PBXFileReference; lastKnownFileType = sourcecode.swift; path = CountdownCollectionView.swift; sourceTree = "<group>"; };
		997D743D27094DEA0062EC69 /* CountdownCollection.swift */ = {isa = PBXFileReference; lastKnownFileType = sourcecode.swift; path = CountdownCollection.swift; sourceTree = "<group>"; };
		99874C7E270DF51300ECA88E /* ProgressBarModifier.swift */ = {isa = PBXFileReference; lastKnownFileType = sourcecode.swift; path = ProgressBarModifier.swift; sourceTree = "<group>"; };
		99F8ED5B270D23BD00EEB8B8 /* UIColor+RGBA.swift */ = {isa = PBXFileReference; lastKnownFileType = sourcecode.swift; path = "UIColor+RGBA.swift"; sourceTree = "<group>"; };
/* End PBXFileReference section */

/* Begin PBXFrameworksBuildPhase section */
		994D2EFA270376AA00F7AF0D /* Frameworks */ = {
			isa = PBXFrameworksBuildPhase;
			buildActionMask = 2147483647;
			files = (
			);
			runOnlyForDeploymentPostprocessing = 0;
		};
/* End PBXFrameworksBuildPhase section */

/* Begin PBXGroup section */
		994D2EF4270376AA00F7AF0D = {
			isa = PBXGroup;
			children = (
				992501332715237A00F1B6ED /* README.md */,
				994D2EFF270376AA00F7AF0D /* countdown */,
				994D2EFE270376AA00F7AF0D /* Products */,
			);
			sourceTree = "<group>";
		};
		994D2EFE270376AA00F7AF0D /* Products */ = {
			isa = PBXGroup;
			children = (
				994D2EFD270376AA00F7AF0D /* countdown.app */,
			);
			name = Products;
			sourceTree = "<group>";
		};
		994D2EFF270376AA00F7AF0D /* countdown */ = {
			isa = PBXGroup;
			children = (
				994D2F00270376AA00F7AF0D /* countdownApp.swift */,
				997D743B27094C4C0062EC69 /* CountdownCollectionView.swift */,
				997D743D27094DEA0062EC69 /* CountdownCollection.swift */,
				994D2F0F2703776000F7AF0D /* Countdown.swift */,
				994D2F112703777600F7AF0D /* CountdownView.swift */,
				994D2F132703778600F7AF0D /* CountdownViewModel.swift */,
				99874C7E270DF51300ECA88E /* ProgressBarModifier.swift */,
				994D2F09270376AE00F7AF0D /* Info.plist */,
				994D2F04270376AE00F7AF0D /* Assets.xcassets */,
				994D2F06270376AE00F7AF0D /* Preview Content */,
				99F8ED5B270D23BD00EEB8B8 /* UIColor+RGBA.swift */,
			);
			path = countdown;
			sourceTree = "<group>";
		};
		994D2F06270376AE00F7AF0D /* Preview Content */ = {
			isa = PBXGroup;
			children = (
				994D2F07270376AE00F7AF0D /* Preview Assets.xcassets */,
			);
			path = "Preview Content";
			sourceTree = "<group>";
		};
/* End PBXGroup section */

/* Begin PBXNativeTarget section */
		994D2EFC270376AA00F7AF0D /* countdown */ = {
			isa = PBXNativeTarget;
			buildConfigurationList = 994D2F0C270376AE00F7AF0D /* Build configuration list for PBXNativeTarget "countdown" */;
			buildPhases = (
				994D2EF9270376AA00F7AF0D /* Sources */,
				994D2EFA270376AA00F7AF0D /* Frameworks */,
				994D2EFB270376AA00F7AF0D /* Resources */,
			);
			buildRules = (
			);
			dependencies = (
			);
			name = countdown;
			productName = countdown;
			productReference = 994D2EFD270376AA00F7AF0D /* countdown.app */;
			productType = "com.apple.product-type.application";
		};
/* End PBXNativeTarget section */

/* Begin PBXProject section */
		994D2EF5270376AA00F7AF0D /* Project object */ = {
			isa = PBXProject;
			attributes = {
				LastSwiftUpdateCheck = 1250;
				LastUpgradeCheck = 1250;
				TargetAttributes = {
					994D2EFC270376AA00F7AF0D = {
						CreatedOnToolsVersion = 12.5.1;
					};
				};
			};
			buildConfigurationList = 994D2EF8270376AA00F7AF0D /* Build configuration list for PBXProject "countdown" */;
			compatibilityVersion = "Xcode 9.3";
			developmentRegion = en;
			hasScannedForEncodings = 0;
			knownRegions = (
				en,
				Base,
			);
			mainGroup = 994D2EF4270376AA00F7AF0D;
			productRefGroup = 994D2EFE270376AA00F7AF0D /* Products */;
			projectDirPath = "";
			projectRoot = "";
			targets = (
				994D2EFC270376AA00F7AF0D /* countdown */,
			);
		};
/* End PBXProject section */

/* Begin PBXResourcesBuildPhase section */
		994D2EFB270376AA00F7AF0D /* Resources */ = {
			isa = PBXResourcesBuildPhase;
			buildActionMask = 2147483647;
			files = (
				992501342715237A00F1B6ED /* README.md in Resources */,
				994D2F08270376AE00F7AF0D /* Preview Assets.xcassets in Resources */,
				994D2F05270376AE00F7AF0D /* Assets.xcassets in Resources */,
			);
			runOnlyForDeploymentPostprocessing = 0;
		};
/* End PBXResourcesBuildPhase section */

/* Begin PBXSourcesBuildPhase section */
		994D2EF9270376AA00F7AF0D /* Sources */ = {
			isa = PBXSourcesBuildPhase;
			buildActionMask = 2147483647;
			files = (
				997D743C27094C4C0062EC69 /* CountdownCollectionView.swift in Sources */,
				99F8ED5C270D23BD00EEB8B8 /* UIColor+RGBA.swift in Sources */,
				994D2F142703778600F7AF0D /* CountdownViewModel.swift in Sources */,
				994D2F01270376AA00F7AF0D /* countdownApp.swift in Sources */,
				997D743E27094DEA0062EC69 /* CountdownCollection.swift in Sources */,
				994D2F122703777600F7AF0D /* CountdownView.swift in Sources */,
				99874C7F270DF51300ECA88E /* ProgressBarModifier.swift in Sources */,
				994D2F102703776000F7AF0D /* Countdown.swift in Sources */,
			);
			runOnlyForDeploymentPostprocessing = 0;
		};
/* End PBXSourcesBuildPhase section */

/* Begin XCBuildConfiguration section */
		994D2F0A270376AE00F7AF0D /* Debug */ = {
			isa = XCBuildConfiguration;
			buildSettings = {
				ALWAYS_SEARCH_USER_PATHS = NO;
				CLANG_ANALYZER_NONNULL = YES;
				CLANG_ANALYZER_NUMBER_OBJECT_CONVERSION = YES_AGGRESSIVE;
				CLANG_CXX_LANGUAGE_STANDARD = "gnu++14";
				CLANG_CXX_LIBRARY = "libc++";
				CLANG_ENABLE_MODULES = YES;
				CLANG_ENABLE_OBJC_ARC = YES;
				CLANG_ENABLE_OBJC_WEAK = YES;
				CLANG_WARN_BLOCK_CAPTURE_AUTORELEASING = YES;
				CLANG_WARN_BOOL_CONVERSION = YES;
				CLANG_WARN_COMMA = YES;
				CLANG_WARN_CONSTANT_CONVERSION = YES;
				CLANG_WARN_DEPRECATED_OBJC_IMPLEMENTATIONS = YES;
				CLANG_WARN_DIRECT_OBJC_ISA_USAGE = YES_ERROR;
				CLANG_WARN_DOCUMENTATION_COMMENTS = YES;
				CLANG_WARN_EMPTY_BODY = YES;
				CLANG_WARN_ENUM_CONVERSION = YES;
				CLANG_WARN_INFINITE_RECURSION = YES;
				CLANG_WARN_INT_CONVERSION = YES;
				CLANG_WARN_NON_LITERAL_NULL_CONVERSION = YES;
				CLANG_WARN_OBJC_IMPLICIT_RETAIN_SELF = YES;
				CLANG_WARN_OBJC_LITERAL_CONVERSION = YES;
				CLANG_WARN_OBJC_ROOT_CLASS = YES_ERROR;
				CLANG_WARN_QUOTED_INCLUDE_IN_FRAMEWORK_HEADER = YES;
				CLANG_WARN_RANGE_LOOP_ANALYSIS = YES;
				CLANG_WARN_STRICT_PROTOTYPES = YES;
				CLANG_WARN_SUSPICIOUS_MOVE = YES;
				CLANG_WARN_UNGUARDED_AVAILABILITY = YES_AGGRESSIVE;
				CLANG_WARN_UNREACHABLE_CODE = YES;
				CLANG_WARN__DUPLICATE_METHOD_MATCH = YES;
				COPY_PHASE_STRIP = NO;
				DEBUG_INFORMATION_FORMAT = dwarf;
				ENABLE_STRICT_OBJC_MSGSEND = YES;
				ENABLE_TESTABILITY = YES;
				GCC_C_LANGUAGE_STANDARD = gnu11;
				GCC_DYNAMIC_NO_PIC = NO;
				GCC_NO_COMMON_BLOCKS = YES;
				GCC_OPTIMIZATION_LEVEL = 0;
				GCC_PREPROCESSOR_DEFINITIONS = (
					"DEBUG=1",
					"$(inherited)",
				);
				GCC_WARN_64_TO_32_BIT_CONVERSION = YES;
				GCC_WARN_ABOUT_RETURN_TYPE = YES_ERROR;
				GCC_WARN_UNDECLARED_SELECTOR = YES;
				GCC_WARN_UNINITIALIZED_AUTOS = YES_AGGRESSIVE;
				GCC_WARN_UNUSED_FUNCTION = YES;
				GCC_WARN_UNUSED_VARIABLE = YES;
				IPHONEOS_DEPLOYMENT_TARGET = 14.5;
				MTL_ENABLE_DEBUG_INFO = INCLUDE_SOURCE;
				MTL_FAST_MATH = YES;
				ONLY_ACTIVE_ARCH = YES;
				SDKROOT = iphoneos;
				SWIFT_ACTIVE_COMPILATION_CONDITIONS = DEBUG;
				SWIFT_OPTIMIZATION_LEVEL = "-Onone";
			};
			name = Debug;
		};
		994D2F0B270376AE00F7AF0D /* Release */ = {
			isa = XCBuildConfiguration;
			buildSettings = {
				ALWAYS_SEARCH_USER_PATHS = NO;
				CLANG_ANALYZER_NONNULL = YES;
				CLANG_ANALYZER_NUMBER_OBJECT_CONVERSION = YES_AGGRESSIVE;
				CLANG_CXX_LANGUAGE_STANDARD = "gnu++14";
				CLANG_CXX_LIBRARY = "libc++";
				CLANG_ENABLE_MODULES = YES;
				CLANG_ENABLE_OBJC_ARC = YES;
				CLANG_ENABLE_OBJC_WEAK = YES;
				CLANG_WARN_BLOCK_CAPTURE_AUTORELEASING = YES;
				CLANG_WARN_BOOL_CONVERSION = YES;
				CLANG_WARN_COMMA = YES;
				CLANG_WARN_CONSTANT_CONVERSION = YES;
				CLANG_WARN_DEPRECATED_OBJC_IMPLEMENTATIONS = YES;
				CLANG_WARN_DIRECT_OBJC_ISA_USAGE = YES_ERROR;
				CLANG_WARN_DOCUMENTATION_COMMENTS = YES;
				CLANG_WARN_EMPTY_BODY = YES;
				CLANG_WARN_ENUM_CONVERSION = YES;
				CLANG_WARN_INFINITE_RECURSION = YES;
				CLANG_WARN_INT_CONVERSION = YES;
				CLANG_WARN_NON_LITERAL_NULL_CONVERSION = YES;
				CLANG_WARN_OBJC_IMPLICIT_RETAIN_SELF = YES;
				CLANG_WARN_OBJC_LITERAL_CONVERSION = YES;
				CLANG_WARN_OBJC_ROOT_CLASS = YES_ERROR;
				CLANG_WARN_QUOTED_INCLUDE_IN_FRAMEWORK_HEADER = YES;
				CLANG_WARN_RANGE_LOOP_ANALYSIS = YES;
				CLANG_WARN_STRICT_PROTOTYPES = YES;
				CLANG_WARN_SUSPICIOUS_MOVE = YES;
				CLANG_WARN_UNGUARDED_AVAILABILITY = YES_AGGRESSIVE;
				CLANG_WARN_UNREACHABLE_CODE = YES;
				CLANG_WARN__DUPLICATE_METHOD_MATCH = YES;
				COPY_PHASE_STRIP = NO;
				DEBUG_INFORMATION_FORMAT = "dwarf-with-dsym";
				ENABLE_NS_ASSERTIONS = NO;
				ENABLE_STRICT_OBJC_MSGSEND = YES;
				GCC_C_LANGUAGE_STANDARD = gnu11;
				GCC_NO_COMMON_BLOCKS = YES;
				GCC_WARN_64_TO_32_BIT_CONVERSION = YES;
				GCC_WARN_ABOUT_RETURN_TYPE = YES_ERROR;
				GCC_WARN_UNDECLARED_SELECTOR = YES;
				GCC_WARN_UNINITIALIZED_AUTOS = YES_AGGRESSIVE;
				GCC_WARN_UNUSED_FUNCTION = YES;
				GCC_WARN_UNUSED_VARIABLE = YES;
				IPHONEOS_DEPLOYMENT_TARGET = 14.5;
				MTL_ENABLE_DEBUG_INFO = NO;
				MTL_FAST_MATH = YES;
				SDKROOT = iphoneos;
				SWIFT_COMPILATION_MODE = wholemodule;
				SWIFT_OPTIMIZATION_LEVEL = "-O";
				VALIDATE_PRODUCT = YES;
			};
			name = Release;
		};
		994D2F0D270376AE00F7AF0D /* Debug */ = {
			isa = XCBuildConfiguration;
			buildSettings = {
				ASSETCATALOG_COMPILER_APPICON_NAME = AppIcon;
				ASSETCATALOG_COMPILER_GLOBAL_ACCENT_COLOR_NAME = AccentColor;
				CODE_SIGN_STYLE = Automatic;
				DEVELOPMENT_ASSET_PATHS = "\"countdown/Preview Content\"";
				DEVELOPMENT_TEAM = 8YQ258U397;
				ENABLE_PREVIEWS = YES;
				INFOPLIST_FILE = countdown/Info.plist;
				IPHONEOS_DEPLOYMENT_TARGET = 14.0;
				LD_RUNPATH_SEARCH_PATHS = (
					"$(inherited)",
					"@executable_path/Frameworks",
				);
				PRODUCT_BUNDLE_IDENTIFIER = "gt.edu.uvg.guillermo-santos.countdown";
				PRODUCT_NAME = "$(TARGET_NAME)";
				SWIFT_VERSION = 5.0;
				TARGETED_DEVICE_FAMILY = "1,2";
			};
			name = Debug;
		};
		994D2F0E270376AE00F7AF0D /* Release */ = {
			isa = XCBuildConfiguration;
			buildSettings = {
				ASSETCATALOG_COMPILER_APPICON_NAME = AppIcon;
				ASSETCATALOG_COMPILER_GLOBAL_ACCENT_COLOR_NAME = AccentColor;
				CODE_SIGN_STYLE = Automatic;
				DEVELOPMENT_ASSET_PATHS = "\"countdown/Preview Content\"";
				DEVELOPMENT_TEAM = 8YQ258U397;
				ENABLE_PREVIEWS = YES;
				INFOPLIST_FILE = countdown/Info.plist;
				IPHONEOS_DEPLOYMENT_TARGET = 14.0;
				LD_RUNPATH_SEARCH_PATHS = (
					"$(inherited)",
					"@executable_path/Frameworks",
				);
				PRODUCT_BUNDLE_IDENTIFIER = "gt.edu.uvg.guillermo-santos.countdown";
				PRODUCT_NAME = "$(TARGET_NAME)";
				SWIFT_VERSION = 5.0;
				TARGETED_DEVICE_FAMILY = "1,2";
			};
			name = Release;
		};
/* End XCBuildConfiguration section */

/* Begin XCConfigurationList section */
		994D2EF8270376AA00F7AF0D /* Build configuration list for PBXProject "countdown" */ = {
			isa = XCConfigurationList;
			buildConfigurations = (
				994D2F0A270376AE00F7AF0D /* Debug */,
				994D2F0B270376AE00F7AF0D /* Release */,
			);
			defaultConfigurationIsVisible = 0;
			defaultConfigurationName = Release;
		};
		994D2F0C270376AE00F7AF0D /* Build configuration list for PBXNativeTarget "countdown" */ = {
			isa = XCConfigurationList;
			buildConfigurations = (
				994D2F0D270376AE00F7AF0D /* Debug */,
				994D2F0E270376AE00F7AF0D /* Release */,
			);
			defaultConfigurationIsVisible = 0;
			defaultConfigurationName = Release;
		};
/* End XCConfigurationList section */
	};
	rootObject = 994D2EF5270376AA00F7AF0D /* Project object */;
}
